PODS:
  - Flutter (1.0.0)
  - in_app_update_plus (1.0.0):
    - Flutter

DEPENDENCIES:
  - Flutter (from `Flutter`)
  - in_app_update_plus (from `.symlinks/plugins/in_app_update_plus/ios`)

EXTERNAL SOURCES:
  Flutter:
    :path: Flutter
  in_app_update_plus:
    :path: ".symlinks/plugins/in_app_update_plus/ios"

SPEC CHECKSUMS:
  Flutter: cabc95a1d2626b1b06e7179b784ebcf0c0cde467
  in_app_update_plus: 9d2bf4650cfeed8da60610ea68769a4fcd103349

PODFILE CHECKSUM: 3c63482e143d1b91d2d2560aee9fb04ecc74ac7e

COCOAPODS: 1.16.2
